<?xml version="1.0" encoding="utf-8"?>
<Project ToolsVersion="4.0" xmlns="http://schemas.microsoft.com/developer/msbuild/2003">
  <ItemGroup>
    <Filter Include="Source Files">
      <UniqueIdentifier>{4FC737F1-C7A5-4376-A066-2A32D752A2FF}</UniqueIdentifier>
      <Extensions>cpp;c;cc;cxx;def;odl;idl;hpj;bat;asm;asmx</Extensions>
    </Filter>
    <Filter Include="Header Files">
      <UniqueIdentifier>{93995380-89BD-4b04-88EB-625FBE52EBFB}</UniqueIdentifier>
      <Extensions>h;hh;hpp;hxx;hm;inl;inc;xsd</Extensions>
    </Filter>
    <Filter Include="Resource Files">
      <UniqueIdentifier>{67DA6AB6-F800-4c08-8B7A-83BB121AAD01}</UniqueIdentifier>
      <Extensions>rc;ico;cur;bmp;dlg;rc2;rct;bin;rgs;gif;jpg;jpeg;jpe;resx;tiff;tif;png;wav;mfcribbon-ms</Extensions>
    </Filter>
  </ItemGroup>
  <ItemGroup>
    <None Include="Tron.ino" />
  </ItemGroup>
  <ItemGroup>
    <ClCompile Include="mode_chasing.cpp">
      <Filter>Source Files</Filter>
    </ClCompile>
    <ClCompile Include="mode_falling.cpp">
      <Filter>Source Files</Filter>
    </ClCompile>
    <ClCompile Include="mode_fixed.cpp">
      <Filter>Source Files</Filter>
    </ClCompile>
    <ClCompile Include="mode_rainbow.cpp">
      <Filter>Source Files</Filter>
    </ClCompile>
    <ClCompile Include="mode_sparkles.cpp">
      <Filter>Source Files</Filter>
    </ClCompile>
    <ClCompile Include="mode_volume.cpp">
      <Filter>Source Files</Filter>
    </ClCompile>
    <ClCompile Include="utils.cpp">
      <Filter>Source Files</Filter>
    </ClCompile>
    <ClCompile Include="LocalAudio.cpp">
      <Filter>Source Files</Filter>
    </ClCompile>
  </ItemGroup>
  <ItemGroup>
    <ClInclude Include="mode_chasing.h">
      <Filter>Header Files</Filter>
    </ClInclude>
    <ClInclude Include="mode_falling.h">
      <Filter>Header Files</Filter>
    </ClInclude>
    <ClInclude Include="mode_fixed.h">
      <Filter>Header Files</Filter>
    </ClInclude>
    <ClInclude Include="mode_rainbow.h">
      <Filter>Header Files</Filter>
    </ClInclude>
    <ClInclude Include="mode_sparkles.h">
      <Filter>Header Files</Filter>
    </ClInclude>
    <ClInclude Include="mode_volume.h">
      <Filter>Header Files</Filter>
    </ClInclude>
    <ClInclude Include="settings.h">
      <Filter>Header Files</Filter>
    </ClInclude>
    <ClInclude Include="utils.h">
      <Filter>Header Files</Filter>
    </ClInclude>
    <ClInclude Include="LocalAudio.h">
      <Filter>Header Files</Filter>
    </ClInclude>
    <ClInclude Include="Visual Micro\.Tron.vsarduino.h">
      <Filter>Header Files</Filter>
    </ClInclude>
  </ItemGroup>
</Project>